#MicroXplorer Configuration settings - do not modify
ADC1.Channel-1\#ChannelRegularConversion=ADC_CHANNEL_8
ADC1.IPParameters=Rank-1\#ChannelRegularConversion,Channel-1\#ChannelRegularConversion,SamplingTime-1\#ChannelRegularConversion,NbrOfConversionFlag,master
ADC1.NbrOfConversionFlag=1
ADC1.Rank-1\#ChannelRegularConversion=1
ADC1.SamplingTime-1\#ChannelRegularConversion=ADC_SAMPLETIME_7CYCLES_5
ADC1.master=1
File.Version=6
GPIO.groupedBy=Group By Peripherals
I2C1.I2C_Mode=I2C_Fast
I2C1.IPParameters=I2C_Mode
KeepUserPlacement=false
Mcu.Family=STM32F1
Mcu.IP0=ADC1
Mcu.IP1=I2C1
Mcu.IP2=NVIC
Mcu.IP3=RCC
Mcu.IP4=SYS
Mcu.IP5=TIM3
Mcu.IP6=USART1
Mcu.IPNb=7
Mcu.Name=STM32F103C(8-B)Tx
Mcu.Package=LQFP48
Mcu.Pin0=PB0
Mcu.Pin1=PB11
Mcu.Pin10=VP_TIM3_VS_ClockSourceINT
Mcu.Pin2=PB12
Mcu.Pin3=PA9
Mcu.Pin4=PA10
Mcu.Pin5=PA11
Mcu.Pin6=PB6
Mcu.Pin7=PB7
Mcu.Pin8=VP_SYS_VS_ND
Mcu.Pin9=VP_SYS_VS_Systick
Mcu.PinsNb=11
Mcu.ThirdPartyNb=0
Mcu.UserConstants=
Mcu.UserName=STM32F103C8Tx
MxCube.Version=6.0.0
MxDb.Version=DB.6.0.0
NVIC.ADC1_2_IRQn=true\:0\:0\:false\:false\:true\:true\:true
NVIC.BusFault_IRQn=true\:0\:0\:false\:false\:true\:false\:false
NVIC.DebugMonitor_IRQn=true\:0\:0\:false\:false\:true\:false\:false
NVIC.ForceEnableDMAVector=true
NVIC.HardFault_IRQn=true\:0\:0\:false\:false\:true\:false\:false
NVIC.MemoryManagement_IRQn=true\:0\:0\:false\:false\:true\:false\:false
NVIC.NonMaskableInt_IRQn=true\:0\:0\:false\:false\:true\:false\:false
NVIC.PendSV_IRQn=true\:0\:0\:false\:false\:true\:false\:false
NVIC.PriorityGroup=NVIC_PRIORITYGROUP_4
NVIC.SVCall_IRQn=true\:0\:0\:false\:false\:true\:false\:false
NVIC.SysTick_IRQn=true\:1\:0\:true\:false\:true\:false\:true
NVIC.TIM3_IRQn=true\:1\:0\:true\:false\:true\:true\:true
NVIC.UsageFault_IRQn=true\:0\:0\:false\:false\:true\:false\:false
PA10.Mode=Asynchronous
PA10.Signal=USART1_RX
PA11.Locked=true
PA11.Signal=GPIO_Output
PA9.Mode=Asynchronous
PA9.Signal=USART1_TX
PB0.Signal=ADCx_IN8
PB11.Locked=true
PB11.Signal=GPXTI11
PB12.Locked=true
PB12.Signal=GPIO_Input
PB6.Mode=I2C
PB6.Signal=I2C1_SCL
PB7.Mode=I2C
PB7.Signal=I2C1_SDA
PCC.Checker=false
PCC.Line=STM32F103
PCC.MCU=STM32F103C(8-B)Tx
PCC.PartNumber=STM32F103C8Tx
PCC.Seq0=2
PCC.Seq0.Step0.Average_Current=12.28 mA
PCC.Seq0.Step0.CPU_Frequency=24 MHz
PCC.Seq0.Step0.Category=In DS Table
PCC.Seq0.Step0.DMIPS=30.0
PCC.Seq0.Step0.Duration=0.1 ms
PCC.Seq0.Step0.Frequency=8 MHz
PCC.Seq0.Step0.Memory=FLASH
PCC.Seq0.Step0.Mode=RUN
PCC.Seq0.Step0.Oscillator=HSE PLL
PCC.Seq0.Step0.Peripherals=ADC1 GPIOA GPIOB I2C1 TIM3 USART1
PCC.Seq0.Step0.TaMax=102.77
PCC.Seq0.Step0.User's_Consumption=0 mA
PCC.Seq0.Step0.Vcore=No Scale
PCC.Seq0.Step0.Vdd=3.3
PCC.Seq0.Step0.Voltage_Source=Battery
PCC.Seq0.Step1.Average_Current=14 \u00B5A
PCC.Seq0.Step1.CPU_Frequency=0 Hz
PCC.Seq0.Step1.Category=In DS Table
PCC.Seq0.Step1.DMIPS=0.0
PCC.Seq0.Step1.Duration=0.9 ms
PCC.Seq0.Step1.Frequency=0 Hz
PCC.Seq0.Step1.Memory=n/a
PCC.Seq0.Step1.Mode=STOP
PCC.Seq0.Step1.Oscillator=Regulator_LP
PCC.Seq0.Step1.Peripherals=
PCC.Seq0.Step1.TaMax=105
PCC.Seq0.Step1.User's_Consumption=0 mA
PCC.Seq0.Step1.Vcore=No Scale
PCC.Seq0.Step1.Vdd=3.3
PCC.Seq0.Step1.Voltage_Source=Battery
PCC.Series=STM32F1
PCC.Temperature=25
PCC.Vdd=3.3
PinOutPanel.RotationAngle=0
ProjectManager.AskForMigrate=true
ProjectManager.BackupPrevious=false
ProjectManager.CompilerOptimize=6
ProjectManager.ComputerToolchain=false
ProjectManager.CoupleFile=false
ProjectManager.CustomerFirmwarePackage=
ProjectManager.DefaultFWLocation=true
ProjectManager.DeletePrevious=true
ProjectManager.DeviceId=STM32F103C8Tx
ProjectManager.FirmwarePackage=STM32Cube FW_F1 V1.8.2
ProjectManager.FreePins=false
ProjectManager.HalAssertFull=false
ProjectManager.HeapSize=0x200
ProjectManager.KeepUserCode=true
ProjectManager.LastFirmware=false
ProjectManager.LibraryCopy=1
ProjectManager.MainLocation=Core/Src
ProjectManager.NoMain=false
ProjectManager.PreviousToolchain=STM32CubeIDE
ProjectManager.ProjectBuild=false
ProjectManager.ProjectFileName=SC4-LCD128x32.ioc
ProjectManager.ProjectName=SC4-LCD128x32
ProjectManager.RegisterCallBack=
ProjectManager.StackSize=0x400
ProjectManager.TargetToolchain=STM32CubeIDE
ProjectManager.ToolChainLocation=
ProjectManager.UnderRoot=true
ProjectManager.functionlistsort=1-MX_GPIO_Init-GPIO-false-HAL-true,2-SystemClock_Config-RCC-false-HAL-false,3-MX_ADC1_Init-ADC1-false-HAL-true,4-MX_I2C1_Init-I2C1-false-HAL-true,5-MX_USART1_UART_Init-USART1-false-HAL-true,6-MX_TIM3_Init-TIM3-false-HAL-true
RCC.ADCFreqValue=14000000
RCC.AHBFreq_Value=28000000
RCC.APB1Freq_Value=28000000
RCC.APB1TimFreq_Value=28000000
RCC.APB2Freq_Value=28000000
RCC.APB2TimFreq_Value=28000000
RCC.FCLKCortexFreq_Value=28000000
RCC.FamilyName=M
RCC.HCLKFreq_Value=28000000
RCC.IPParameters=ADCFreqValue,AHBFreq_Value,APB1Freq_Value,APB1TimFreq_Value,APB2Freq_Value,APB2TimFreq_Value,FCLKCortexFreq_Value,FamilyName,HCLKFreq_Value,MCOFreq_Value,PLLCLKFreq_Value,PLLMCOFreq_Value,PLLMUL,SYSCLKFreq_VALUE,SYSCLKSource,TimSysFreq_Value,USBFreq_Value
RCC.MCOFreq_Value=28000000
RCC.PLLCLKFreq_Value=28000000
RCC.PLLMCOFreq_Value=14000000
RCC.PLLMUL=RCC_PLL_MUL7
RCC.SYSCLKFreq_VALUE=28000000
RCC.SYSCLKSource=RCC_SYSCLKSOURCE_PLLCLK
RCC.TimSysFreq_Value=28000000
RCC.USBFreq_Value=28000000
SH.ADCx_IN8.0=ADC1_IN8,IN8
SH.ADCx_IN8.ConfNb=1
SH.GPXTI11.0=ADC1_EXTI11,EXTI11-Regular-Conversion-Trigger
SH.GPXTI11.ConfNb=1
TIM3.AutoReloadPreload=TIM_AUTORELOAD_PRELOAD_ENABLE
TIM3.CounterMode=TIM_COUNTERMODE_DOWN
TIM3.IPParameters=CounterMode,Period,AutoReloadPreload,Prescaler
TIM3.Period=5000
TIM3.Prescaler=8
USART1.IPParameters=VirtualMode
USART1.VirtualMode=VM_ASYNC
VP_SYS_VS_ND.Mode=No_Debug
VP_SYS_VS_ND.Signal=SYS_VS_ND
VP_SYS_VS_Systick.Mode=SysTick
VP_SYS_VS_Systick.Signal=SYS_VS_Systick
VP_TIM3_VS_ClockSourceINT.Mode=Internal
VP_TIM3_VS_ClockSourceINT.Signal=TIM3_VS_ClockSourceINT
board=custom
isbadioc=false
